// !$*UTF8*$!
{
	archiveVersion = 1;
	classes = {
	};
	objectVersion = 46;
	objects = {

/* Begin PBXBuildFile section */
		CF2E93001A6E1E960057F54B /* main.m in Sources */ = {isa = PBXBuildFile; fileRef = CF2E92FF1A6E1E960057F54B /* main.m */; };
		CF2E93031A6E1E960057F54B /* AppDelegate.m in Sources */ = {isa = PBXBuildFile; fileRef = CF2E93021A6E1E960057F54B /* AppDelegate.m */; };
		CF2E93061A6E1E960057F54B /* ViewController.m in Sources */ = {isa = PBXBuildFile; fileRef = CF2E93051A6E1E960057F54B /* ViewController.m */; };
		CF2E93091A6E1E960057F54B /* Main.storyboard in Resources */ = {isa = PBXBuildFile; fileRef = CF2E93071A6E1E960057F54B /* Main.storyboard */; };
		CF2E930B1A6E1E960057F54B /* Images.xcassets in Resources */ = {isa = PBXBuildFile; fileRef = CF2E930A1A6E1E960057F54B /* Images.xcassets */; };
		CF2E930E1A6E1E960057F54B /* LaunchScreen.xib in Resources */ = {isa = PBXBuildFile; fileRef = CF2E930C1A6E1E960057F54B /* LaunchScreen.xib */; };
		CF2E931A1A6E1E960057F54B /* snifferTests.m in Sources */ = {isa = PBXBuildFile; fileRef = CF2E93191A6E1E960057F54B /* snifferTests.m */; };
		CF2E93251A6E1EA80057F54B /* GCDAsyncSocket.m in Sources */ = {isa = PBXBuildFile; fileRef = CF2E93241A6E1EA80057F54B /* GCDAsyncSocket.m */; };
		CF2E93281A6E1EB10057F54B /* SimplePing.m in Sources */ = {isa = PBXBuildFile; fileRef = CF2E93271A6E1EB10057F54B /* SimplePing.m */; settings = {COMPILER_FLAGS = "-fno-objc-arc"; }; };
		CF2E932E1A6E1F4A0057F54B /* LocalNetwork.m in Sources */ = {isa = PBXBuildFile; fileRef = CF2E932D1A6E1F4A0057F54B /* LocalNetwork.m */; };
		CF2EB1B31A71E93700DBF706 /* LocalDevice.m in Sources */ = {isa = PBXBuildFile; fileRef = CF2EB1B21A71E93700DBF706 /* LocalDevice.m */; };
		CF2EB1B61A71ED4500DBF706 /* BonjourBrowser.m in Sources */ = {isa = PBXBuildFile; fileRef = CF2EB1B51A71ED4500DBF706 /* BonjourBrowser.m */; };
		CF37361D1A70F2D10016D639 /* CFNetwork.framework in Frameworks */ = {isa = PBXBuildFile; fileRef = CF37361C1A70F2D10016D639 /* CFNetwork.framework */; };
		CF67E4DB1A708FDB00C2ED09 /* DNSLookup.m in Sources */ = {isa = PBXBuildFile; fileRef = CF67E4DA1A708FDB00C2ED09 /* DNSLookup.m */; };
		CF6C86661A6F8EB6002409F0 /* SimpleMacAddress.m in Sources */ = {isa = PBXBuildFile; fileRef = CF6C86651A6F8EB6002409F0 /* SimpleMacAddress.m */; };
/* End PBXBuildFile section */

/* Begin PBXContainerItemProxy section */
		CF2E93141A6E1E960057F54B /* PBXContainerItemProxy */ = {
			isa = PBXContainerItemProxy;
			containerPortal = CF2E92F21A6E1E960057F54B /* Project object */;
			proxyType = 1;
			remoteGlobalIDString = CF2E92F91A6E1E960057F54B;
			remoteInfo = sniffer;
		};
/* End PBXContainerItemProxy section */

/* Begin PBXFileReference section */
		CF2E92FA1A6E1E960057F54B /* sniffer.app */ = {isa = PBXFileReference; explicitFileType = wrapper.application; includeInIndex = 0; path = sniffer.app; sourceTree = BUILT_PRODUCTS_DIR; };
		CF2E92FE1A6E1E960057F54B /* Info.plist */ = {isa = PBXFileReference; lastKnownFileType = text.plist.xml; path = Info.plist; sourceTree = "<group>"; };
		CF2E92FF1A6E1E960057F54B /* main.m */ = {isa = PBXFileReference; lastKnownFileType = sourcecode.c.objc; path = main.m; sourceTree = "<group>"; };
		CF2E93011A6E1E960057F54B /* AppDelegate.h */ = {isa = PBXFileReference; lastKnownFileType = sourcecode.c.h; path = AppDelegate.h; sourceTree = "<group>"; };
		CF2E93021A6E1E960057F54B /* AppDelegate.m */ = {isa = PBXFileReference; lastKnownFileType = sourcecode.c.objc; path = AppDelegate.m; sourceTree = "<group>"; };
		CF2E93041A6E1E960057F54B /* ViewController.h */ = {isa = PBXFileReference; lastKnownFileType = sourcecode.c.h; path = ViewController.h; sourceTree = "<group>"; };
		CF2E93051A6E1E960057F54B /* ViewController.m */ = {isa = PBXFileReference; lastKnownFileType = sourcecode.c.objc; path = ViewController.m; sourceTree = "<group>"; };
		CF2E93081A6E1E960057F54B /* Base */ = {isa = PBXFileReference; lastKnownFileType = file.storyboard; name = Base; path = Base.lproj/Main.storyboard; sourceTree = "<group>"; };
		CF2E930A1A6E1E960057F54B /* Images.xcassets */ = {isa = PBXFileReference; lastKnownFileType = folder.assetcatalog; path = Images.xcassets; sourceTree = "<group>"; };
		CF2E930D1A6E1E960057F54B /* Base */ = {isa = PBXFileReference; lastKnownFileType = file.xib; name = Base; path = Base.lproj/LaunchScreen.xib; sourceTree = "<group>"; };
		CF2E93131A6E1E960057F54B /* snifferTests.xctest */ = {isa = PBXFileReference; explicitFileType = wrapper.cfbundle; includeInIndex = 0; path = snifferTests.xctest; sourceTree = BUILT_PRODUCTS_DIR; };
		CF2E93181A6E1E960057F54B /* Info.plist */ = {isa = PBXFileReference; lastKnownFileType = text.plist.xml; path = Info.plist; sourceTree = "<group>"; };
		CF2E93191A6E1E960057F54B /* snifferTests.m */ = {isa = PBXFileReference; lastKnownFileType = sourcecode.c.objc; path = snifferTests.m; sourceTree = "<group>"; };
		CF2E93231A6E1EA80057F54B /* GCDAsyncSocket.h */ = {isa = PBXFileReference; fileEncoding = 4; lastKnownFileType = sourcecode.c.h; path = GCDAsyncSocket.h; sourceTree = "<group>"; };
		CF2E93241A6E1EA80057F54B /* GCDAsyncSocket.m */ = {isa = PBXFileReference; fileEncoding = 4; lastKnownFileType = sourcecode.c.objc; path = GCDAsyncSocket.m; sourceTree = "<group>"; };
		CF2E93261A6E1EB10057F54B /* SimplePing.h */ = {isa = PBXFileReference; fileEncoding = 4; lastKnownFileType = sourcecode.c.h; path = SimplePing.h; sourceTree = "<group>"; };
		CF2E93271A6E1EB10057F54B /* SimplePing.m */ = {isa = PBXFileReference; fileEncoding = 4; lastKnownFileType = sourcecode.c.objc; path = SimplePing.m; sourceTree = "<group>"; };
		CF2E932C1A6E1F4A0057F54B /* LocalNetwork.h */ = {isa = PBXFileReference; fileEncoding = 4; lastKnownFileType = sourcecode.c.h; path = LocalNetwork.h; sourceTree = "<group>"; };
		CF2E932D1A6E1F4A0057F54B /* LocalNetwork.m */ = {isa = PBXFileReference; fileEncoding = 4; lastKnownFileType = sourcecode.c.objc; path = LocalNetwork.m; sourceTree = "<group>"; };
		CF2EB1B11A71E93700DBF706 /* LocalDevice.h */ = {isa = PBXFileReference; fileEncoding = 4; lastKnownFileType = sourcecode.c.h; path = LocalDevice.h; sourceTree = "<group>"; };
		CF2EB1B21A71E93700DBF706 /* LocalDevice.m */ = {isa = PBXFileReference; fileEncoding = 4; lastKnownFileType = sourcecode.c.objc; path = LocalDevice.m; sourceTree = "<group>"; };
		CF2EB1B41A71ED4500DBF706 /* BonjourBrowser.h */ = {isa = PBXFileReference; fileEncoding = 4; lastKnownFileType = sourcecode.c.h; path = BonjourBrowser.h; sourceTree = "<group>"; };
		CF2EB1B51A71ED4500DBF706 /* BonjourBrowser.m */ = {isa = PBXFileReference; fileEncoding = 4; lastKnownFileType = sourcecode.c.objc; path = BonjourBrowser.m; sourceTree = "<group>"; };
		CF37361C1A70F2D10016D639 /* CFNetwork.framework */ = {isa = PBXFileReference; lastKnownFileType = wrapper.framework; name = CFNetwork.framework; path = System/Library/Frameworks/CFNetwork.framework; sourceTree = SDKROOT; };
		CF67E4D91A708FDB00C2ED09 /* DNSLookup.h */ = {isa = PBXFileReference; fileEncoding = 4; lastKnownFileType = sourcecode.c.h; path = DNSLookup.h; sourceTree = "<group>"; };
		CF67E4DA1A708FDB00C2ED09 /* DNSLookup.m */ = {isa = PBXFileReference; fileEncoding = 4; lastKnownFileType = sourcecode.c.objc; path = DNSLookup.m; sourceTree = "<group>"; };
		CF6C86641A6F8EB6002409F0 /* SimpleMacAddress.h */ = {isa = PBXFileReference; fileEncoding = 4; lastKnownFileType = sourcecode.c.h; path = SimpleMacAddress.h; sourceTree = "<group>"; };
		CF6C86651A6F8EB6002409F0 /* SimpleMacAddress.m */ = {isa = PBXFileReference; fileEncoding = 4; lastKnownFileType = sourcecode.c.objc; path = SimpleMacAddress.m; sourceTree = "<group>"; };
		CF6C866A1A6F91D9002409F0 /* if_ether.h */ = {isa = PBXFileReference; lastKnownFileType = sourcecode.c.h; path = if_ether.h; sourceTree = "<group>"; };
		CF6C866B1A6F91D9002409F0 /* route.h */ = {isa = PBXFileReference; lastKnownFileType = sourcecode.c.h; path = route.h; sourceTree = "<group>"; };
/* End PBXFileReference section */

/* Begin PBXFrameworksBuildPhase section */
		CF2E92F71A6E1E960057F54B /* Frameworks */ = {
			isa = PBXFrameworksBuildPhase;
			buildActionMask = 2147483647;
			files = (
				CF37361D1A70F2D10016D639 /* CFNetwork.framework in Frameworks */,
			);
			runOnlyForDeploymentPostprocessing = 0;
		};
		CF2E93101A6E1E960057F54B /* Frameworks */ = {
			isa = PBXFrameworksBuildPhase;
			buildActionMask = 2147483647;
			files = (
			);
			runOnlyForDeploymentPostprocessing = 0;
		};
/* End PBXFrameworksBuildPhase section */

/* Begin PBXGroup section */
		CF2E92F11A6E1E960057F54B = {
			isa = PBXGroup;
			children = (
				CF37361C1A70F2D10016D639 /* CFNetwork.framework */,
				CF2E92FC1A6E1E960057F54B /* sniffer */,
				CF2E93161A6E1E960057F54B /* snifferTests */,
				CF2E92FB1A6E1E960057F54B /* Products */,
			);
			sourceTree = "<group>";
		};
		CF2E92FB1A6E1E960057F54B /* Products */ = {
			isa = PBXGroup;
			children = (
				CF2E92FA1A6E1E960057F54B /* sniffer.app */,
				CF2E93131A6E1E960057F54B /* snifferTests.xctest */,
			);
			name = Products;
			sourceTree = "<group>";
		};
		CF2E92FC1A6E1E960057F54B /* sniffer */ = {
			isa = PBXGroup;
			children = (
				CF2E93011A6E1E960057F54B /* AppDelegate.h */,
				CF2E93021A6E1E960057F54B /* AppDelegate.m */,
				CF2EB1B41A71ED4500DBF706 /* BonjourBrowser.h */,
				CF2EB1B51A71ED4500DBF706 /* BonjourBrowser.m */,
				CF67E4D91A708FDB00C2ED09 /* DNSLookup.h */,
				CF67E4DA1A708FDB00C2ED09 /* DNSLookup.m */,
				CF2E93231A6E1EA80057F54B /* GCDAsyncSocket.h */,
				CF2E93241A6E1EA80057F54B /* GCDAsyncSocket.m */,
				CF6C866A1A6F91D9002409F0 /* if_ether.h */,
				CF2E930A1A6E1E960057F54B /* Images.xcassets */,
				CF2E930C1A6E1E960057F54B /* LaunchScreen.xib */,
				CF2EB1B11A71E93700DBF706 /* LocalDevice.h */,
				CF2EB1B21A71E93700DBF706 /* LocalDevice.m */,
				CF2E932C1A6E1F4A0057F54B /* LocalNetwork.h */,
				CF2E932D1A6E1F4A0057F54B /* LocalNetwork.m */,
				CF2E93071A6E1E960057F54B /* Main.storyboard */,
				CF6C866B1A6F91D9002409F0 /* route.h */,
				CF6C86641A6F8EB6002409F0 /* SimpleMacAddress.h */,
				CF6C86651A6F8EB6002409F0 /* SimpleMacAddress.m */,
				CF2E93261A6E1EB10057F54B /* SimplePing.h */,
				CF2E93271A6E1EB10057F54B /* SimplePing.m */,
				CF2E92FD1A6E1E960057F54B /* Supporting Files */,
				CF2E93041A6E1E960057F54B /* ViewController.h */,
				CF2E93051A6E1E960057F54B /* ViewController.m */,
			);
			path = sniffer;
			sourceTree = "<group>";
		};
		CF2E92FD1A6E1E960057F54B /* Supporting Files */ = {
			isa = PBXGroup;
			children = (
				CF2E92FE1A6E1E960057F54B /* Info.plist */,
				CF2E92FF1A6E1E960057F54B /* main.m */,
			);
			name = "Supporting Files";
			sourceTree = "<group>";
		};
		CF2E93161A6E1E960057F54B /* snifferTests */ = {
			isa = PBXGroup;
			children = (
				CF2E93191A6E1E960057F54B /* snifferTests.m */,
				CF2E93171A6E1E960057F54B /* Supporting Files */,
			);
			path = snifferTests;
			sourceTree = "<group>";
		};
		CF2E93171A6E1E960057F54B /* Supporting Files */ = {
			isa = PBXGroup;
			children = (
				CF2E93181A6E1E960057F54B /* Info.plist */,
			);
			name = "Supporting Files";
			sourceTree = "<group>";
		};
/* End PBXGroup section */

/* Begin PBXNativeTarget section */
		CF2E92F91A6E1E960057F54B /* sniffer */ = {
			isa = PBXNativeTarget;
			buildConfigurationList = CF2E931D1A6E1E960057F54B /* Build configuration list for PBXNativeTarget "sniffer" */;
			buildPhases = (
				CF2E92F61A6E1E960057F54B /* Sources */,
				CF2E92F71A6E1E960057F54B /* Frameworks */,
				CF2E92F81A6E1E960057F54B /* Resources */,
			);
			buildRules = (
			);
			dependencies = (
			);
			name = sniffer;
			productName = sniffer;
			productReference = CF2E92FA1A6E1E960057F54B /* sniffer.app */;
			productType = "com.apple.product-type.application";
		};
		CF2E93121A6E1E960057F54B /* snifferTests */ = {
			isa = PBXNativeTarget;
			buildConfigurationList = CF2E93201A6E1E960057F54B /* Build configuration list for PBXNativeTarget "snifferTests" */;
			buildPhases = (
				CF2E930F1A6E1E960057F54B /* Sources */,
				CF2E93101A6E1E960057F54B /* Frameworks */,
				CF2E93111A6E1E960057F54B /* Resources */,
			);
			buildRules = (
			);
			dependencies = (
				CF2E93151A6E1E960057F54B /* PBXTargetDependency */,
			);
			name = snifferTests;
			productName = snifferTests;
			productReference = CF2E93131A6E1E960057F54B /* snifferTests.xctest */;
			productType = "com.apple.product-type.bundle.unit-test";
		};
/* End PBXNativeTarget section */

/* Begin PBXProject section */
		CF2E92F21A6E1E960057F54B /* Project object */ = {
			isa = PBXProject;
			attributes = {
				LastUpgradeCheck = 0610;
				ORGANIZATIONNAME = iLabs;
				TargetAttributes = {
					CF2E92F91A6E1E960057F54B = {
						CreatedOnToolsVersion = 6.1.1;
					};
					CF2E93121A6E1E960057F54B = {
						CreatedOnToolsVersion = 6.1.1;
						TestTargetID = CF2E92F91A6E1E960057F54B;
					};
				};
			};
			buildConfigurationList = CF2E92F51A6E1E960057F54B /* Build configuration list for PBXProject "sniffer" */;
			compatibilityVersion = "Xcode 3.2";
			developmentRegion = English;
			hasScannedForEncodings = 0;
			knownRegions = (
				en,
				Base,
			);
			mainGroup = CF2E92F11A6E1E960057F54B;
			productRefGroup = CF2E92FB1A6E1E960057F54B /* Products */;
			projectDirPath = "";
			projectRoot = "";
			targets = (
				CF2E92F91A6E1E960057F54B /* sniffer */,
				CF2E93121A6E1E960057F54B /* snifferTests */,
			);
		};
/* End PBXProject section */

/* Begin PBXResourcesBuildPhase section */
		CF2E92F81A6E1E960057F54B /* Resources */ = {
			isa = PBXResourcesBuildPhase;
			buildActionMask = 2147483647;
			files = (
				CF2E93091A6E1E960057F54B /* Main.storyboard in Resources */,
				CF2E930E1A6E1E960057F54B /* LaunchScreen.xib in Resources */,
				CF2E930B1A6E1E960057F54B /* Images.xcassets in Resources */,
			);
			runOnlyForDeploymentPostprocessing = 0;
		};
		CF2E93111A6E1E960057F54B /* Resources */ = {
			isa = PBXResourcesBuildPhase;
			buildActionMask = 2147483647;
			files = (
			);
			runOnlyForDeploymentPostprocessing = 0;
		};
/* End PBXResourcesBuildPhase section */

/* Begin PBXSourcesBuildPhase section */
		CF2E92F61A6E1E960057F54B /* Sources */ = {
			isa = PBXSourcesBuildPhase;
			buildActionMask = 2147483647;
			files = (
				CF2EB1B61A71ED4500DBF706 /* BonjourBrowser.m in Sources */,
				CF2E93251A6E1EA80057F54B /* GCDAsyncSocket.m in Sources */,
				CF2E932E1A6E1F4A0057F54B /* LocalNetwork.m in Sources */,
				CF2E93061A6E1E960057F54B /* ViewController.m in Sources */,
				CF2E93031A6E1E960057F54B /* AppDelegate.m in Sources */,
				CF6C86661A6F8EB6002409F0 /* SimpleMacAddress.m in Sources */,
				CF67E4DB1A708FDB00C2ED09 /* DNSLookup.m in Sources */,
				CF2E93281A6E1EB10057F54B /* SimplePing.m in Sources */,
				CF2E93001A6E1E960057F54B /* main.m in Sources */,
				CF2EB1B31A71E93700DBF706 /* LocalDevice.m in Sources */,
			);
			runOnlyForDeploymentPostprocessing = 0;
		};
		CF2E930F1A6E1E960057F54B /* Sources */ = {
			isa = PBXSourcesBuildPhase;
			buildActionMask = 2147483647;
			files = (
				CF2E931A1A6E1E960057F54B /* snifferTests.m in Sources */,
			);
			runOnlyForDeploymentPostprocessing = 0;
		};
/* End PBXSourcesBuildPhase section */

/* Begin PBXTargetDependency section */
		CF2E93151A6E1E960057F54B /* PBXTargetDependency */ = {
			isa = PBXTargetDependency;
			target = CF2E92F91A6E1E960057F54B /* sniffer */;
			targetProxy = CF2E93141A6E1E960057F54B /* PBXContainerItemProxy */;
		};
/* End PBXTargetDependency section */

/* Begin PBXVariantGroup section */
		CF2E93071A6E1E960057F54B /* Main.storyboard */ = {
			isa = PBXVariantGroup;
			children = (
				CF2E93081A6E1E960057F54B /* Base */,
			);
			name = Main.storyboard;
			sourceTree = "<group>";
		};
		CF2E930C1A6E1E960057F54B /* LaunchScreen.xib */ = {
			isa = PBXVariantGroup;
			children = (
				CF2E930D1A6E1E960057F54B /* Base */,
			);
			name = LaunchScreen.xib;
			sourceTree = "<group>";
		};
/* End PBXVariantGroup section */

/* Begin XCBuildConfiguration section */
		CF2E931B1A6E1E960057F54B /* Debug */ = {
			isa = XCBuildConfiguration;
			buildSettings = {
				ALWAYS_SEARCH_USER_PATHS = NO;
				CLANG_CXX_LANGUAGE_STANDARD = "gnu++0x";
				CLANG_CXX_LIBRARY = "libc++";
				CLANG_ENABLE_MODULES = YES;
				CLANG_ENABLE_OBJC_ARC = YES;
				CLANG_WARN_BOOL_CONVERSION = YES;
				CLANG_WARN_CONSTANT_CONVERSION = YES;
				CLANG_WARN_DIRECT_OBJC_ISA_USAGE = YES_ERROR;
				CLANG_WARN_EMPTY_BODY = YES;
				CLANG_WARN_ENUM_CONVERSION = YES;
				CLANG_WARN_INT_CONVERSION = YES;
				CLANG_WARN_OBJC_ROOT_CLASS = YES_ERROR;
				CLANG_WARN_UNREACHABLE_CODE = YES;
				CLANG_WARN__DUPLICATE_METHOD_MATCH = YES;
				"CODE_SIGN_IDENTITY[sdk=iphoneos*]" = "iPhone Developer";
				COPY_PHASE_STRIP = NO;
				ENABLE_STRICT_OBJC_MSGSEND = YES;
				GCC_C_LANGUAGE_STANDARD = gnu99;
				GCC_DYNAMIC_NO_PIC = NO;
				GCC_OPTIMIZATION_LEVEL = 0;
				GCC_PREPROCESSOR_DEFINITIONS = (
					"DEBUG=1",
					"$(inherited)",
				);
				GCC_SYMBOLS_PRIVATE_EXTERN = NO;
				GCC_WARN_64_TO_32_BIT_CONVERSION = YES;
				GCC_WARN_ABOUT_RETURN_TYPE = YES_ERROR;
				GCC_WARN_UNDECLARED_SELECTOR = YES;
				GCC_WARN_UNINITIALIZED_AUTOS = YES_AGGRESSIVE;
				GCC_WARN_UNUSED_FUNCTION = YES;
				GCC_WARN_UNUSED_VARIABLE = YES;
				IPHONEOS_DEPLOYMENT_TARGET = 8.1;
				MTL_ENABLE_DEBUG_INFO = YES;
				ONLY_ACTIVE_ARCH = YES;
				SDKROOT = iphoneos;
				TARGETED_DEVICE_FAMILY = "1,2";
			};
			name = Debug;
		};
		CF2E931C1A6E1E960057F54B /* Release */ = {
			isa = XCBuildConfiguration;
			buildSettings = {
				ALWAYS_SEARCH_USER_PATHS = NO;
				CLANG_CXX_LANGUAGE_STANDARD = "gnu++0x";
				CLANG_CXX_LIBRARY = "libc++";
				CLANG_ENABLE_MODULES = YES;
				CLANG_ENABLE_OBJC_ARC = YES;
				CLANG_WARN_BOOL_CONVERSION = YES;
				CLANG_WARN_CONSTANT_CONVERSION = YES;
				CLANG_WARN_DIRECT_OBJC_ISA_USAGE = YES_ERROR;
				CLANG_WARN_EMPTY_BODY = YES;
				CLANG_WARN_ENUM_CONVERSION = YES;
				CLANG_WARN_INT_CONVERSION = YES;
				CLANG_WARN_OBJC_ROOT_CLASS = YES_ERROR;
				CLANG_WARN_UNREACHABLE_CODE = YES;
				CLANG_WARN__DUPLICATE_METHOD_MATCH = YES;
				"CODE_SIGN_IDENTITY[sdk=iphoneos*]" = "iPhone Developer";
				COPY_PHASE_STRIP = YES;
				ENABLE_NS_ASSERTIONS = NO;
				ENABLE_STRICT_OBJC_MSGSEND = YES;
				GCC_C_LANGUAGE_STANDARD = gnu99;
				GCC_WARN_64_TO_32_BIT_CONVERSION = YES;
				GCC_WARN_ABOUT_RETURN_TYPE = YES_ERROR;
				GCC_WARN_UNDECLARED_SELECTOR = YES;
				GCC_WARN_UNINITIALIZED_AUTOS = YES_AGGRESSIVE;
				GCC_WARN_UNUSED_FUNCTION = YES;
				GCC_WARN_UNUSED_VARIABLE = YES;
				IPHONEOS_DEPLOYMENT_TARGET = 8.1;
				MTL_ENABLE_DEBUG_INFO = NO;
				SDKROOT = iphoneos;
				TARGETED_DEVICE_FAMILY = "1,2";
				VALIDATE_PRODUCT = YES;
			};
			name = Release;
		};
		CF2E931E1A6E1E960057F54B /* Debug */ = {
			isa = XCBuildConfiguration;
			buildSettings = {
				ASSETCATALOG_COMPILER_APPICON_NAME = AppIcon;
				INFOPLIST_FILE = sniffer/Info.plist;
				LD_RUNPATH_SEARCH_PATHS = "$(inherited) @executable_path/Frameworks";
				PRODUCT_NAME = "$(TARGET_NAME)";
			};
			name = Debug;
		};
		CF2E931F1A6E1E960057F54B /* Release */ = {
			isa = XCBuildConfiguration;
			buildSettings = {
				ASSETCATALOG_COMPILER_APPICON_NAME = AppIcon;
				INFOPLIST_FILE = sniffer/Info.plist;
				LD_RUNPATH_SEARCH_PATHS = "$(inherited) @executable_path/Frameworks";
				PRODUCT_NAME = "$(TARGET_NAME)";
			};
			name = Release;
		};
		CF2E93211A6E1E960057F54B /* Debug */ = {
			isa = XCBuildConfiguration;
			buildSettings = {
				BUNDLE_LOADER = "$(TEST_HOST)";
				FRAMEWORK_SEARCH_PATHS = (
					"$(SDKROOT)/Developer/Library/Frameworks",
					"$(inherited)",
				);
				GCC_PREPROCESSOR_DEFINITIONS = (
					"DEBUG=1",
					"$(inherited)",
				);
				INFOPLIST_FILE = snifferTests/Info.plist;
				LD_RUNPATH_SEARCH_PATHS = "$(inherited) @executable_path/Frameworks @loader_path/Frameworks";
				PRODUCT_NAME = "$(TARGET_NAME)";
				TEST_HOST = "$(BUILT_PRODUCTS_DIR)/sniffer.app/sniffer";
			};
			name = Debug;
		};
		CF2E93221A6E1E960057F54B /* Release */ = {
			isa = XCBuildConfiguration;
			buildSettings = {
				BUNDLE_LOADER = "$(TEST_HOST)";
				FRAMEWORK_SEARCH_PATHS = (
					"$(SDKROOT)/Developer/Library/Frameworks",
					"$(inherited)",
				);
				INFOPLIST_FILE = snifferTests/Info.plist;
				LD_RUNPATH_SEARCH_PATHS = "$(inherited) @executable_path/Frameworks @loader_path/Frameworks";
				PRODUCT_NAME = "$(TARGET_NAME)";
				TEST_HOST = "$(BUILT_PRODUCTS_DIR)/sniffer.app/sniffer";
			};
			name = Release;
		};
/* End XCBuildConfiguration section */

/* Begin XCConfigurationList section */
		CF2E92F51A6E1E960057F54B /* Build configuration list for PBXProject "sniffer" */ = {
			isa = XCConfigurationList;
			buildConfigurations = (
				CF2E931B1A6E1E960057F54B /* Debug */,
				CF2E931C1A6E1E960057F54B /* Release */,
			);
			defaultConfigurationIsVisible = 0;
			defaultConfigurationName = Release;
		};
		CF2E931D1A6E1E960057F54B /* Build configuration list for PBXNativeTarget "sniffer" */ = {
			isa = XCConfigurationList;
			buildConfigurations = (
				CF2E931E1A6E1E960057F54B /* Debug */,
				CF2E931F1A6E1E960057F54B /* Release */,
			);
			defaultConfigurationIsVisible = 0;
			defaultConfigurationName = Release;
		};
		CF2E93201A6E1E960057F54B /* Build configuration list for PBXNativeTarget "snifferTests" */ = {
			isa = XCConfigurationList;
			buildConfigurations = (
				CF2E93211A6E1E960057F54B /* Debug */,
				CF2E93221A6E1E960057F54B /* Release */,
			);
			defaultConfigurationIsVisible = 0;
			defaultConfigurationName = Release;
		};
/* End XCConfigurationList section */
	};
	rootObject = CF2E92F21A6E1E960057F54B /* Project object */;
}
